
Microsoft Visual Studio Solution File, Format Version 12.00
# Visual Studio Version 16
VisualStudioVersion = 16.0.29709.97
MinimumVisualStudioVersion = 10.0.40219.1
Project("{9A19103F-16F7-4668-BE54-9A1E7A4F7556}") = "SSAuth", "SSAuth\SSAuth.csproj", "{616B7834-93BE-4E09-8209-01AACD0DCC80}"
EndProject
Project("{9A19103F-16F7-4668-BE54-9A1E7A4F7556}") = "SSAuth.Models", "SSAuth.Models\SSAuth.Models.csproj", "{55F1297F-EE52-4A77-B2F8-FCC2DEEBFEC9}"
EndProject
Project("{9A19103F-16F7-4668-BE54-9A1E7A4F7556}") = "SSAuth.Client", "SSAuth.Client\SSAuth.Client.csproj", "{5AB4F1EC-E35F-46B4-83A1-661A42C60D4E}"
EndProject
Global
	GlobalSection(SolutionConfigurationPlatforms) = preSolution
		Debug|Any CPU = Debug|Any CPU
		Release|Any CPU = Release|Any CPU
	EndGlobalSection
	GlobalSection(ProjectConfigurationPlatforms) = postSolution
		{616B7834-93BE-4E09-8209-01AACD0DCC80}.Debug|Any CPU.ActiveCfg = Debug|Any CPU
		{616B7834-93BE-4E09-8209-01AACD0DCC80}.Debug|Any CPU.Build.0 = Debug|Any CPU
		{616B7834-93BE-4E09-8209-01AACD0DCC80}.Release|Any CPU.ActiveCfg = Release|Any CPU
		{616B7834-93BE-4E09-8209-01AACD0DCC80}.Release|Any CPU.Build.0 = Release|Any CPU
		{55F1297F-EE52-4A77-B2F8-FCC2DEEBFEC9}.Debug|Any CPU.ActiveCfg = Debug|Any CPU
		{55F1297F-EE52-4A77-B2F8-FCC2DEEBFEC9}.Debug|Any CPU.Build.0 = Debug|Any CPU
		{55F1297F-EE52-4A77-B2F8-FCC2DEEBFEC9}.Release|Any CPU.ActiveCfg = Release|Any CPU
		{55F1297F-EE52-4A77-B2F8-FCC2DEEBFEC9}.Release|Any CPU.Build.0 = Release|Any CPU
		{5AB4F1EC-E35F-46B4-83A1-661A42C60D4E}.Debug|Any CPU.ActiveCfg = Debug|Any CPU
		{5AB4F1EC-E35F-46B4-83A1-661A42C60D4E}.Debug|Any CPU.Build.0 = Debug|Any CPU
		{5AB4F1EC-E35F-46B4-83A1-661A42C60D4E}.Release|Any CPU.ActiveCfg = Release|Any CPU
		{5AB4F1EC-E35F-46B4-83A1-661A42C60D4E}.Release|Any CPU.Build.0 = Release|Any CPU
	EndGlobalSection
	GlobalSection(SolutionProperties) = preSolution
		HideSolutionNode = FALSE
	EndGlobalSection
	GlobalSection(ExtensibilityGlobals) = postSolution
		SolutionGuid = {3084BB09-9CC1-4D70-A6C7-C00DE0B64BB6}
	EndGlobalSection
EndGlobal
